{
  "version": 4,
  "terraform_version": "0.14.9",
  "serial": 12,
  "lineage": "5078fc89-4fd8-e923-b3cf-924624f9548e",
  "outputs": {},
  "resources": [
    {
      "mode": "managed",
      "type": "random_pet",
      "name": "pet1",
      "provider": "provider[\"registry.terraform.io/hashicorp/random\"]",
      "instances": [
        {
          "schema_version": 0,
          "attributes": {
            "id": "1-chipmunk",
            "keepers": null,
            "length": 1,
            "prefix": "1",
            "separator": "-"
          },
          "sensitive_attributes": [
            [
              {
                "type": "get_attr",
                "value": "prefix"
              }
            ]
          ],
          "private": "bnVsbA=="
        }
      ]
    }
  ]
}
