{
  "version": 4,
  "terraform_version": "0.14.9",
  "serial": 70,
  "lineage": "9b6771bd-833d-f317-c278-5f6ece7c976c",
  "outputs": {
    "password": {
      "value": "KSAxWztS047=]]5O\u003e7gT1$c\u003c*y5!QU[iS[A[GK2j13acQO1kHnC(F0Oet#v=2YjK*\u003ePH(R6an4A}lJEVR$}D-aTljM1C03ZvNb*8vRw:bkbZ5Af6[04hPq9p4u0Sv3b}JoFz_t7#6}3B0EeU}utaOrNys\u003eLDTvPyB!UDt\u003eZSjw\u003eT\u003cSP9E%$-FF1-)05DsbNXa[cGHsAb",
      "type": "string"
    }
  },
  "resources": [
    {
      "mode": "managed",
      "type": "random_password",
      "name": "pass1",
      "provider": "provider[\"registry.terraform.io/hashicorp/random\"]",
      "instances": [
        {
          "schema_version": 0,
          "attributes": {
            "id": "none",
            "keepers": null,
            "length": 200,
            "lower": true,
            "min_lower": 0,
            "min_numeric": 0,
            "min_special": 0,
            "min_upper": 0,
            "number": true,
            "override_special": null,
            "result": "KSAxWztS047=]]5O\u003e7gT1$c\u003c*y5!QU[iS[A[GK2j13acQO1kHnC(F0Oet#v=2YjK*\u003ePH(R6an4A}lJEVR$}D-aTljM1C03ZvNb*8vRw:bkbZ5Af6[04hPq9p4u0Sv3b}JoFz_t7#6}3B0EeU}utaOrNys\u003eLDTvPyB!UDt\u003eZSjw\u003eT\u003cSP9E%$-FF1-)05DsbNXa[cGHsAb",
            "special": true,
            "upper": true
          },
          "sensitive_attributes": [
            [
              {
                "type": "get_attr",
                "value": "length"
              }
            ]
          ],
          "private": "bnVsbA=="
        }
      ]
    },
    {
      "mode": "managed",
      "type": "random_pet",
      "name": "pets",
      "provider": "provider[\"registry.terraform.io/hashicorp/random\"]",
      "instances": [
        {
          "index_key": "ma",
          "schema_version": 0,
          "attributes": {
            "id": "Java-darling-foxhound",
            "keepers": null,
            "length": 2,
            "prefix": "Java",
            "separator": "-"
          },
          "sensitive_attributes": [],
          "private": "bnVsbA=="
        },
        {
          "index_key": "sec",
          "schema_version": 0,
          "attributes": {
            "id": "Python-admittedly-adapting-swan",
            "keepers": null,
            "length": 3,
            "prefix": "Python",
            "separator": "-"
          },
          "sensitive_attributes": [],
          "private": "bnVsbA=="
        }
      ]
    }
  ]
}
