{
  "version": 4,
  "terraform_version": "0.14.9",
  "serial": 5,
  "lineage": "9b6771bd-833d-f317-c278-5f6ece7c976c",
  "outputs": {},
  "resources": [
    {
      "mode": "data",
      "type": "local_file",
      "name": "existed_1",
      "provider": "provider[\"registry.terraform.io/hashicorp/local\"]",
      "instances": [
        {
          "schema_version": 0,
          "attributes": {
            "content": "q",
            "content_base64": "cQ==",
            "filename": "f:\\created_file.txt",
            "id": "22ea1c649c82946aa6e479e1ffd321e4a318b1b0"
          },
          "sensitive_attributes": []
        }
      ]
    },
    {
      "mode": "managed",
      "type": "local_file",
      "name": "f1",
      "provider": "provider[\"registry.terraform.io/hashicorp/local\"]",
      "instances": [
        {
          "schema_version": 0,
          "attributes": {
            "content": "local_file-1-anchovy",
            "content_base64": null,
            "directory_permission": "0777",
            "file_permission": "0777",
            "filename": "d:\\file.txt",
            "id": "88e7d91bec41012017622387a35f701ef12f71d4",
            "sensitive_content": null,
            "source": null
          },
          "sensitive_attributes": [],
          "private": "bnVsbA==",
          "dependencies": [
            "random_pet.pet1"
          ]
        }
      ]
    },
    {
      "mode": "managed",
      "type": "random_pet",
      "name": "pet",
      "provider": "provider[\"registry.terraform.io/hashicorp/random\"]",
      "instances": [
        {
          "schema_version": 0,
          "attributes": {
            "id": "f:\\created_file.txt-porpoise",
            "keepers": null,
            "length": 1,
            "prefix": "f:\\created_file.txt",
            "separator": "-"
          },
          "sensitive_attributes": [],
          "private": "bnVsbA==",
          "dependencies": [
            "data.local_file.existed_1",
            "random_pet.pet1"
          ]
        }
      ]
    },
    {
      "mode": "managed",
      "type": "random_pet",
      "name": "pet1",
      "provider": "provider[\"registry.terraform.io/hashicorp/random\"]",
      "instances": [
        {
          "schema_version": 0,
          "attributes": {
            "id": "1-anchovy",
            "keepers": null,
            "length": 1,
            "prefix": "1",
            "separator": "-"
          },
          "sensitive_attributes": [
            [
              {
                "type": "get_attr",
                "value": "prefix"
              }
            ]
          ],
          "private": "bnVsbA=="
        }
      ]
    }
  ]
}
